
Microsoft Visual Studio Solution File, Format Version 12.00
# Visual Studio 15
VisualStudioVersion = 15.0.27130.2036
MinimumVisualStudioVersion = 10.0.40219.1
Project("{9A19103F-16F7-4668-BE54-9A1E7A4F7556}") = "Company.WebSite", "Company.WebSite\Company.WebSite.csproj", "{7967F68D-DFB9-47F7-B052-8E82F03D038B}"
EndProject
Project("{FAE04EC0-301F-11D3-BF4B-00C04F79EFBC}") = "Company.Security", "Company.Security\Company.Security.csproj", "{CFE2796F-6C51-4D13-AB13-332AFD452B85}"
EndProject
Global
	GlobalSection(SolutionConfigurationPlatforms) = preSolution
		Debug|Any CPU = Debug|Any CPU
		Release|Any CPU = Release|Any CPU
	EndGlobalSection
	GlobalSection(ProjectConfigurationPlatforms) = postSolution
		{7967F68D-DFB9-47F7-B052-8E82F03D038B}.Debug|Any CPU.ActiveCfg = Debug|Any CPU
		{7967F68D-DFB9-47F7-B052-8E82F03D038B}.Debug|Any CPU.Build.0 = Debug|Any CPU
		{7967F68D-DFB9-47F7-B052-8E82F03D038B}.Release|Any CPU.ActiveCfg = Release|Any CPU
		{7967F68D-DFB9-47F7-B052-8E82F03D038B}.Release|Any CPU.Build.0 = Release|Any CPU
		{CFE2796F-6C51-4D13-AB13-332AFD452B85}.Debug|Any CPU.ActiveCfg = Debug|Any CPU
		{CFE2796F-6C51-4D13-AB13-332AFD452B85}.Debug|Any CPU.Build.0 = Debug|Any CPU
		{CFE2796F-6C51-4D13-AB13-332AFD452B85}.Release|Any CPU.ActiveCfg = Release|Any CPU
		{CFE2796F-6C51-4D13-AB13-332AFD452B85}.Release|Any CPU.Build.0 = Release|Any CPU
	EndGlobalSection
	GlobalSection(SolutionProperties) = preSolution
		HideSolutionNode = FALSE
	EndGlobalSection
	GlobalSection(ExtensibilityGlobals) = postSolution
		SolutionGuid = {7770D5A4-7747-4C27-9625-94E1F1FB8739}
	EndGlobalSection
EndGlobal
